github.com/StantStantov/rps/swamp v0.1.1 h1:/GZ1ei6O5vPBJ/oxCZzSxzWoy+U6BZEckyhHRg9/jww=
github.com/StantStantov/rps/swamp v0.1.1/go.mod h1:obw584BVYJDu0p8THox7CT1rr/leh/QUOTyojNb5KZw=
github.com/StantStantov/rps/swamp v0.1.2 h1:b3Gm4Z5YeYDgnhWr5E9xBK2SPpmmeEYWf9Vhfs6WSJ0=
github.com/StantStantov/rps/swamp v0.1.2/go.mod h1:obw584BVYJDu0p8THox7CT1rr/leh/QUOTyojNb5KZw=
